
Microsoft Visual Studio Solution File, Format Version 12.00
# Visual Studio 15
VisualStudioVersion = 15.0.28307.329
MinimumVisualStudioVersion = 10.0.40219.1
Project("{FAE04EC0-301F-11D3-BF4B-00C04F79EFBC}") = "SuperTemplateForKrnln", "SuperTemplateForKrnln\SuperTemplateForKrnln.csproj", "{63CA73EE-F692-40FE-8E06-EBEFA9898C72}"
EndProject
Global
	GlobalSection(SolutionConfigurationPlatforms) = preSolution
		Debug|Any CPU = Debug|Any CPU
		Release|Any CPU = Release|Any CPU
	EndGlobalSection
	GlobalSection(ProjectConfigurationPlatforms) = postSolution
		{63CA73EE-F692-40FE-8E06-EBEFA9898C72}.Debug|Any CPU.ActiveCfg = Debug|Any CPU
		{63CA73EE-F692-40FE-8E06-EBEFA9898C72}.Debug|Any CPU.Build.0 = Debug|Any CPU
		{63CA73EE-F692-40FE-8E06-EBEFA9898C72}.Release|Any CPU.ActiveCfg = Release|Any CPU
		{63CA73EE-F692-40FE-8E06-EBEFA9898C72}.Release|Any CPU.Build.0 = Release|Any CPU
	EndGlobalSection
	GlobalSection(SolutionProperties) = preSolution
		HideSolutionNode = FALSE
	EndGlobalSection
	GlobalSection(ExtensibilityGlobals) = postSolution
		SolutionGuid = {D84E2BC4-645B-4D15-B00A-E856DD507D9B}
	EndGlobalSection
EndGlobal
